
Microsoft Visual Studio Solution File, Format Version 12.00
# Visual Studio Version 16
VisualStudioVersion = 16.0.30503.244
MinimumVisualStudioVersion = 10.0.40219.1
Project("{9A19103F-16F7-4668-BE54-9A1E7A4F7556}") = "Puissance4", "Puissance4\Puissance4.csproj", "{D56794D6-7D9A-40A9-AB04-D756A764EAE3}"
EndProject
Project("{FAE04EC0-301F-11D3-BF4B-00C04F79EFBC}") = "Puissance4Test", "Puissance4Test\Puissance4Test.csproj", "{03256FFF-795E-490F-B324-71CCA7233C57}"
EndProject
Global
	GlobalSection(SolutionConfigurationPlatforms) = preSolution
		Debug|Any CPU = Debug|Any CPU
		Release|Any CPU = Release|Any CPU
	EndGlobalSection
	GlobalSection(ProjectConfigurationPlatforms) = postSolution
		{D56794D6-7D9A-40A9-AB04-D756A764EAE3}.Debug|Any CPU.ActiveCfg = Debug|Any CPU
		{D56794D6-7D9A-40A9-AB04-D756A764EAE3}.Debug|Any CPU.Build.0 = Debug|Any CPU
		{D56794D6-7D9A-40A9-AB04-D756A764EAE3}.Release|Any CPU.ActiveCfg = Release|Any CPU
		{D56794D6-7D9A-40A9-AB04-D756A764EAE3}.Release|Any CPU.Build.0 = Release|Any CPU
		{03256FFF-795E-490F-B324-71CCA7233C57}.Debug|Any CPU.ActiveCfg = Debug|Any CPU
		{03256FFF-795E-490F-B324-71CCA7233C57}.Debug|Any CPU.Build.0 = Debug|Any CPU
		{03256FFF-795E-490F-B324-71CCA7233C57}.Release|Any CPU.ActiveCfg = Release|Any CPU
		{03256FFF-795E-490F-B324-71CCA7233C57}.Release|Any CPU.Build.0 = Release|Any CPU
	EndGlobalSection
	GlobalSection(SolutionProperties) = preSolution
		HideSolutionNode = FALSE
	EndGlobalSection
	GlobalSection(ExtensibilityGlobals) = postSolution
		SolutionGuid = {5271E281-7E7D-478F-AC7C-CB9E0786518B}
	EndGlobalSection
EndGlobal
